
Microsoft Visual Studio Solution File, Format Version 12.00
# Visual Studio 14
VisualStudioVersion = 14.0.25420.1
MinimumVisualStudioVersion = 10.0.40219.1
Project("{FAE04EC0-301F-11D3-BF4B-00C04F79EFBC}") = "FundaAssignment", "FundaAssignment\FundaAssignment.csproj", "{8F336612-2138-4DA2-BC7D-3F37D7D78B7A}"
EndProject
Project("{FAE04EC0-301F-11D3-BF4B-00C04F79EFBC}") = "FundaAssignment.Services", "FundaAssignment.Services\FundaAssignment.Services.csproj", "{88636D7C-F908-43D6-ADB0-8F486AB1A0AE}"
EndProject
Project("{FAE04EC0-301F-11D3-BF4B-00C04F79EFBC}") = "FundaAssignment.Entities", "FundaAssignment.Entities\FundaAssignment.Entities.csproj", "{EE294DF2-9D13-4723-B973-18DB8C6A2D5A}"
EndProject
Global
	GlobalSection(SolutionConfigurationPlatforms) = preSolution
		Debug|Any CPU = Debug|Any CPU
		Release|Any CPU = Release|Any CPU
	EndGlobalSection
	GlobalSection(ProjectConfigurationPlatforms) = postSolution
		{8F336612-2138-4DA2-BC7D-3F37D7D78B7A}.Debug|Any CPU.ActiveCfg = Debug|Any CPU
		{8F336612-2138-4DA2-BC7D-3F37D7D78B7A}.Debug|Any CPU.Build.0 = Debug|Any CPU
		{8F336612-2138-4DA2-BC7D-3F37D7D78B7A}.Release|Any CPU.ActiveCfg = Release|Any CPU
		{8F336612-2138-4DA2-BC7D-3F37D7D78B7A}.Release|Any CPU.Build.0 = Release|Any CPU
		{88636D7C-F908-43D6-ADB0-8F486AB1A0AE}.Debug|Any CPU.ActiveCfg = Debug|Any CPU
		{88636D7C-F908-43D6-ADB0-8F486AB1A0AE}.Debug|Any CPU.Build.0 = Debug|Any CPU
		{88636D7C-F908-43D6-ADB0-8F486AB1A0AE}.Release|Any CPU.ActiveCfg = Release|Any CPU
		{88636D7C-F908-43D6-ADB0-8F486AB1A0AE}.Release|Any CPU.Build.0 = Release|Any CPU
		{EE294DF2-9D13-4723-B973-18DB8C6A2D5A}.Debug|Any CPU.ActiveCfg = Debug|Any CPU
		{EE294DF2-9D13-4723-B973-18DB8C6A2D5A}.Debug|Any CPU.Build.0 = Debug|Any CPU
		{EE294DF2-9D13-4723-B973-18DB8C6A2D5A}.Release|Any CPU.ActiveCfg = Release|Any CPU
		{EE294DF2-9D13-4723-B973-18DB8C6A2D5A}.Release|Any CPU.Build.0 = Release|Any CPU
	EndGlobalSection
	GlobalSection(SolutionProperties) = preSolution
		HideSolutionNode = FALSE
	EndGlobalSection
EndGlobal
